
Microsoft Visual Studio Solution File, Format Version 12.00
# Visual Studio Version 17
VisualStudioVersion = 17.7.34003.232
MinimumVisualStudioVersion = 10.0.40219.1
Project("{FAE04EC0-301F-11D3-BF4B-00C04F79EFBC}") = "PRN231_Project_QuizOnline_API", "PRN231_Project_QuizOnline_API\PRN231_Project_QuizOnline_API.csproj", "{47E9C81A-A854-427C-A681-F85B0A03DD83}"
EndProject
Global
	GlobalSection(SolutionConfigurationPlatforms) = preSolution
		Debug|Any CPU = Debug|Any CPU
		Release|Any CPU = Release|Any CPU
	EndGlobalSection
	GlobalSection(ProjectConfigurationPlatforms) = postSolution
		{47E9C81A-A854-427C-A681-F85B0A03DD83}.Debug|Any CPU.ActiveCfg = Debug|Any CPU
		{47E9C81A-A854-427C-A681-F85B0A03DD83}.Debug|Any CPU.Build.0 = Debug|Any CPU
		{47E9C81A-A854-427C-A681-F85B0A03DD83}.Release|Any CPU.ActiveCfg = Release|Any CPU
		{47E9C81A-A854-427C-A681-F85B0A03DD83}.Release|Any CPU.Build.0 = Release|Any CPU
	EndGlobalSection
	GlobalSection(SolutionProperties) = preSolution
		HideSolutionNode = FALSE
	EndGlobalSection
	GlobalSection(ExtensibilityGlobals) = postSolution
		SolutionGuid = {A98C13E6-5FFE-4942-BF70-576B651423FE}
	EndGlobalSection
EndGlobal
